
Microsoft Visual Studio Solution File, Format Version 12.00
# Visual Studio Version 17
VisualStudioVersion = 17.1.32421.90
MinimumVisualStudioVersion = 10.0.40219.1
Project("{FAE04EC0-301F-11D3-BF4B-00C04F79EFBC}") = "ConsoleApp2", "ConsoleApp2\ConsoleApp2.csproj", "{AE6CF449-EDE7-4BDB-B456-98DE8771744F}"
EndProject
Global
	GlobalSection(SolutionConfigurationPlatforms) = preSolution
		Debug|Any CPU = Debug|Any CPU
		Release|Any CPU = Release|Any CPU
	EndGlobalSection
	GlobalSection(ProjectConfigurationPlatforms) = postSolution
		{AE6CF449-EDE7-4BDB-B456-98DE8771744F}.Debug|Any CPU.ActiveCfg = Debug|Any CPU
		{AE6CF449-EDE7-4BDB-B456-98DE8771744F}.Debug|Any CPU.Build.0 = Debug|Any CPU
		{AE6CF449-EDE7-4BDB-B456-98DE8771744F}.Release|Any CPU.ActiveCfg = Release|Any CPU
		{AE6CF449-EDE7-4BDB-B456-98DE8771744F}.Release|Any CPU.Build.0 = Release|Any CPU
	EndGlobalSection
	GlobalSection(SolutionProperties) = preSolution
		HideSolutionNode = FALSE
	EndGlobalSection
	GlobalSection(ExtensibilityGlobals) = postSolution
		SolutionGuid = {FF4B65D2-AE78-491D-9528-EFD76AFA1DD0}
	EndGlobalSection
EndGlobal
